Microsoft Visual Studio Solution File, Format Version 12.00
# Visual Studio Version 17
VisualStudioVersion = 17.5.2.0
MinimumVisualStudioVersion = 10.0.40219.1
Project("{FAE04EC0-301F-11D3-BF4B-00C04F79EFBC}") = "BlazorDashboard", "BlazorDashboard\BlazorDashboard.csproj", "{0B57BA16-0967-9C7C-B067-21D46EA680DB}"
EndProject
Global
	GlobalSection(SolutionConfigurationPlatforms) = preSolution
		Debug|Any CPU = Debug|Any CPU
		Release|Any CPU = Release|Any CPU
	EndGlobalSection
	GlobalSection(ProjectConfigurationPlatforms) = postSolution
		{0B57BA16-0967-9C7C-B067-21D46EA680DB}.Debug|Any CPU.ActiveCfg = Debug|Any CPU
		{0B57BA16-0967-9C7C-B067-21D46EA680DB}.Debug|Any CPU.Build.0 = Debug|Any CPU
		{0B57BA16-0967-9C7C-B067-21D46EA680DB}.Release|Any CPU.ActiveCfg = Release|Any CPU
		{0B57BA16-0967-9C7C-B067-21D46EA680DB}.Release|Any CPU.Build.0 = Release|Any CPU
	EndGlobalSection
	GlobalSection(SolutionProperties) = preSolution
		HideSolutionNode = FALSE
	EndGlobalSection
	GlobalSection(ExtensibilityGlobals) = postSolution
		SolutionGuid = {94D1DCA1-BF0D-40AE-B300-69E22B424B07}
	EndGlobalSection
EndGlobal
